// !$*UTF8*$!
{
	archiveVersion = 1;
	classes = {
	};
	objectVersion = 56;
	objects = {

/* Begin PBXBuildFile section */
		3814D4232A3B903C000E1E52 /* AppDelegate.swift in Sources */ = {isa = PBXBuildFile; fileRef = 3814D4222A3B903C000E1E52 /* AppDelegate.swift */; };
		3814D4252A3B903C000E1E52 /* SceneDelegate.swift in Sources */ = {isa = PBXBuildFile; fileRef = 3814D4242A3B903C000E1E52 /* SceneDelegate.swift */; };
		3814D4272A3B903C000E1E52 /* ViewController.swift in Sources */ = {isa = PBXBuildFile; fileRef = 3814D4262A3B903C000E1E52 /* ViewController.swift */; };
		3814D42A2A3B903C000E1E52 /* Main.storyboard in Resources */ = {isa = PBXBuildFile; fileRef = 3814D4282A3B903C000E1E52 /* Main.storyboard */; };
		3814D42C2A3B903D000E1E52 /* Assets.xcassets in Resources */ = {isa = PBXBuildFile; fileRef = 3814D42B2A3B903D000E1E52 /* Assets.xcassets */; };
		3814D42F2A3B903D000E1E52 /* LaunchScreen.storyboard in Resources */ = {isa = PBXBuildFile; fileRef = 3814D42D2A3B903D000E1E52 /* LaunchScreen.storyboard */; };
		3814D4372A3B91F6000E1E52 /* PersonCellTableViewCell.swift in Sources */ = {isa = PBXBuildFile; fileRef = 3814D4362A3B91F6000E1E52 /* PersonCellTableViewCell.swift */; };
		3814D4392A3B975A000E1E52 /* CreateNewPersonViewController.swift in Sources */ = {isa = PBXBuildFile; fileRef = 3814D4382A3B975A000E1E52 /* CreateNewPersonViewController.swift */; };
		3814D43B2A3B979E000E1E52 /* EditContactViewController.swift in Sources */ = {isa = PBXBuildFile; fileRef = 3814D43A2A3B979E000E1E52 /* EditContactViewController.swift */; };
		3814D43D2A3B97BC000E1E52 /* PersonDetailViewController.swift in Sources */ = {isa = PBXBuildFile; fileRef = 3814D43C2A3B97BC000E1E52 /* PersonDetailViewController.swift */; };
		385E8C3A2A3CF90C00D4E1C1 /* Contacts.swift in Sources */ = {isa = PBXBuildFile; fileRef = 385E8C392A3CF90C00D4E1C1 /* Contacts.swift */; };
		38CC47012A3BACBE00DFA543 /* GoogleService-Info.plist in Resources */ = {isa = PBXBuildFile; fileRef = 38CC47002A3BACBE00DFA543 /* GoogleService-Info.plist */; };
		38CC47042A3BAE3900DFA543 /* FirebaseDatabase in Frameworks */ = {isa = PBXBuildFile; productRef = 38CC47032A3BAE3900DFA543 /* FirebaseDatabase */; };
/* End PBXBuildFile section */

/* Begin PBXFileReference section */
		3814D41F2A3B903C000E1E52 /* contactsApp.app */ = {isa = PBXFileReference; explicitFileType = wrapper.application; includeInIndex = 0; path = contactsApp.app; sourceTree = BUILT_PRODUCTS_DIR; };
		3814D4222A3B903C000E1E52 /* AppDelegate.swift */ = {isa = PBXFileReference; lastKnownFileType = sourcecode.swift; path = AppDelegate.swift; sourceTree = "<group>"; };
		3814D4242A3B903C000E1E52 /* SceneDelegate.swift */ = {isa = PBXFileReference; lastKnownFileType = sourcecode.swift; path = SceneDelegate.swift; sourceTree = "<group>"; };
		3814D4262A3B903C000E1E52 /* ViewController.swift */ = {isa = PBXFileReference; lastKnownFileType = sourcecode.swift; path = ViewController.swift; sourceTree = "<group>"; };
		3814D4292A3B903C000E1E52 /* Base */ = {isa = PBXFileReference; lastKnownFileType = file.storyboard; name = Base; path = Base.lproj/Main.storyboard; sourceTree = "<group>"; };
		3814D42B2A3B903D000E1E52 /* Assets.xcassets */ = {isa = PBXFileReference; lastKnownFileType = folder.assetcatalog; path = Assets.xcassets; sourceTree = "<group>"; };
		3814D42E2A3B903D000E1E52 /* Base */ = {isa = PBXFileReference; lastKnownFileType = file.storyboard; name = Base; path = Base.lproj/LaunchScreen.storyboard; sourceTree = "<group>"; };
		3814D4302A3B903D000E1E52 /* Info.plist */ = {isa = PBXFileReference; lastKnownFileType = text.plist.xml; path = Info.plist; sourceTree = "<group>"; };
		3814D4362A3B91F6000E1E52 /* PersonCellTableViewCell.swift */ = {isa = PBXFileReference; lastKnownFileType = sourcecode.swift; path = PersonCellTableViewCell.swift; sourceTree = "<group>"; };
		3814D4382A3B975A000E1E52 /* CreateNewPersonViewController.swift */ = {isa = PBXFileReference; lastKnownFileType = sourcecode.swift; path = CreateNewPersonViewController.swift; sourceTree = "<group>"; };
		3814D43A2A3B979E000E1E52 /* EditContactViewController.swift */ = {isa = PBXFileReference; lastKnownFileType = sourcecode.swift; path = EditContactViewController.swift; sourceTree = "<group>"; };
		3814D43C2A3B97BC000E1E52 /* PersonDetailViewController.swift */ = {isa = PBXFileReference; lastKnownFileType = sourcecode.swift; path = PersonDetailViewController.swift; sourceTree = "<group>"; };
		385E8C392A3CF90C00D4E1C1 /* Contacts.swift */ = {isa = PBXFileReference; lastKnownFileType = sourcecode.swift; path = Contacts.swift; sourceTree = "<group>"; };
		38CC47002A3BACBE00DFA543 /* GoogleService-Info.plist */ = {isa = PBXFileReference; fileEncoding = 4; lastKnownFileType = text.plist.xml; path = "GoogleService-Info.plist"; sourceTree = "<group>"; };
/* End PBXFileReference section */

/* Begin PBXFrameworksBuildPhase section */
		3814D41C2A3B903C000E1E52 /* Frameworks */ = {
			isa = PBXFrameworksBuildPhase;
			buildActionMask = 2147483647;
			files = (
				38CC47042A3BAE3900DFA543 /* FirebaseDatabase in Frameworks */,
			);
			runOnlyForDeploymentPostprocessing = 0;
		};
/* End PBXFrameworksBuildPhase section */

/* Begin PBXGroup section */
		3814D4162A3B903C000E1E52 = {
			isa = PBXGroup;
			children = (
				3814D4212A3B903C000E1E52 /* contactsApp */,
				3814D4202A3B903C000E1E52 /* Products */,
			);
			sourceTree = "<group>";
		};
		3814D4202A3B903C000E1E52 /* Products */ = {
			isa = PBXGroup;
			children = (
				3814D41F2A3B903C000E1E52 /* contactsApp.app */,
			);
			name = Products;
			sourceTree = "<group>";
		};
		3814D4212A3B903C000E1E52 /* contactsApp */ = {
			isa = PBXGroup;
			children = (
				3814D4222A3B903C000E1E52 /* AppDelegate.swift */,
				3814D4242A3B903C000E1E52 /* SceneDelegate.swift */,
				3814D4262A3B903C000E1E52 /* ViewController.swift */,
				3814D4282A3B903C000E1E52 /* Main.storyboard */,
				3814D42B2A3B903D000E1E52 /* Assets.xcassets */,
				3814D42D2A3B903D000E1E52 /* LaunchScreen.storyboard */,
				3814D4302A3B903D000E1E52 /* Info.plist */,
				3814D4362A3B91F6000E1E52 /* PersonCellTableViewCell.swift */,
				3814D4382A3B975A000E1E52 /* CreateNewPersonViewController.swift */,
				3814D43A2A3B979E000E1E52 /* EditContactViewController.swift */,
				3814D43C2A3B97BC000E1E52 /* PersonDetailViewController.swift */,
				38CC47002A3BACBE00DFA543 /* GoogleService-Info.plist */,
				385E8C392A3CF90C00D4E1C1 /* Contacts.swift */,
			);
			path = contactsApp;
			sourceTree = "<group>";
		};
/* End PBXGroup section */

/* Begin PBXNativeTarget section */
		3814D41E2A3B903C000E1E52 /* contactsApp */ = {
			isa = PBXNativeTarget;
			buildConfigurationList = 3814D4332A3B903D000E1E52 /* Build configuration list for PBXNativeTarget "contactsApp" */;
			buildPhases = (
				3814D41B2A3B903C000E1E52 /* Sources */,
				3814D41C2A3B903C000E1E52 /* Frameworks */,
				3814D41D2A3B903C000E1E52 /* Resources */,
			);
			buildRules = (
			);
			dependencies = (
			);
			name = contactsApp;
			packageProductDependencies = (
				38CC47032A3BAE3900DFA543 /* FirebaseDatabase */,
			);
			productName = contactsApp;
			productReference = 3814D41F2A3B903C000E1E52 /* contactsApp.app */;
			productType = "com.apple.product-type.application";
		};
/* End PBXNativeTarget section */

/* Begin PBXProject section */
		3814D4172A3B903C000E1E52 /* Project object */ = {
			isa = PBXProject;
			attributes = {
				BuildIndependentTargetsInParallel = 1;
				LastSwiftUpdateCheck = 1420;
				LastUpgradeCheck = 1420;
				TargetAttributes = {
					3814D41E2A3B903C000E1E52 = {
						CreatedOnToolsVersion = 14.2;
					};
				};
			};
			buildConfigurationList = 3814D41A2A3B903C000E1E52 /* Build configuration list for PBXProject "contactsApp" */;
			compatibilityVersion = "Xcode 14.0";
			developmentRegion = en;
			hasScannedForEncodings = 0;
			knownRegions = (
				en,
				Base,
			);
			mainGroup = 3814D4162A3B903C000E1E52;
			packageReferences = (
				38CC47022A3BAE3900DFA543 /* XCRemoteSwiftPackageReference "firebase-ios-sdk" */,
			);
			productRefGroup = 3814D4202A3B903C000E1E52 /* Products */;
			projectDirPath = "";
			projectRoot = "";
			targets = (
				3814D41E2A3B903C000E1E52 /* contactsApp */,
			);
		};
/* End PBXProject section */

/* Begin PBXResourcesBuildPhase section */
		3814D41D2A3B903C000E1E52 /* Resources */ = {
			isa = PBXResourcesBuildPhase;
			buildActionMask = 2147483647;
			files = (
				3814D42F2A3B903D000E1E52 /* LaunchScreen.storyboard in Resources */,
				38CC47012A3BACBE00DFA543 /* GoogleService-Info.plist in Resources */,
				3814D42C2A3B903D000E1E52 /* Assets.xcassets in Resources */,
				3814D42A2A3B903C000E1E52 /* Main.storyboard in Resources */,
			);
			runOnlyForDeploymentPostprocessing = 0;
		};
/* End PBXResourcesBuildPhase section */

/* Begin PBXSourcesBuildPhase section */
		3814D41B2A3B903C000E1E52 /* Sources */ = {
			isa = PBXSourcesBuildPhase;
			buildActionMask = 2147483647;
			files = (
				385E8C3A2A3CF90C00D4E1C1 /* Contacts.swift in Sources */,
				3814D4272A3B903C000E1E52 /* ViewController.swift in Sources */,
				3814D4232A3B903C000E1E52 /* AppDelegate.swift in Sources */,
				3814D4392A3B975A000E1E52 /* CreateNewPersonViewController.swift in Sources */,
				3814D4372A3B91F6000E1E52 /* PersonCellTableViewCell.swift in Sources */,
				3814D4252A3B903C000E1E52 /* SceneDelegate.swift in Sources */,
				3814D43D2A3B97BC000E1E52 /* PersonDetailViewController.swift in Sources */,
				3814D43B2A3B979E000E1E52 /* EditContactViewController.swift in Sources */,
			);
			runOnlyForDeploymentPostprocessing = 0;
		};
/* End PBXSourcesBuildPhase section */

/* Begin PBXVariantGroup section */
		3814D4282A3B903C000E1E52 /* Main.storyboard */ = {
			isa = PBXVariantGroup;
			children = (
				3814D4292A3B903C000E1E52 /* Base */,
			);
			name = Main.storyboard;
			sourceTree = "<group>";
		};
		3814D42D2A3B903D000E1E52 /* LaunchScreen.storyboard */ = {
			isa = PBXVariantGroup;
			children = (
				3814D42E2A3B903D000E1E52 /* Base */,
			);
			name = LaunchScreen.storyboard;
			sourceTree = "<group>";
		};
/* End PBXVariantGroup section */

/* Begin XCBuildConfiguration section */
		3814D4312A3B903D000E1E52 /* Debug */ = {
			isa = XCBuildConfiguration;
			buildSettings = {
				ALWAYS_SEARCH_USER_PATHS = NO;
				CLANG_ANALYZER_NONNULL = YES;
				CLANG_ANALYZER_NUMBER_OBJECT_CONVERSION = YES_AGGRESSIVE;
				CLANG_CXX_LANGUAGE_STANDARD = "gnu++20";
				CLANG_ENABLE_MODULES = YES;
				CLANG_ENABLE_OBJC_ARC = YES;
				CLANG_ENABLE_OBJC_WEAK = YES;
				CLANG_WARN_BLOCK_CAPTURE_AUTORELEASING = YES;
				CLANG_WARN_BOOL_CONVERSION = YES;
				CLANG_WARN_COMMA = YES;
				CLANG_WARN_CONSTANT_CONVERSION = YES;
				CLANG_WARN_DEPRECATED_OBJC_IMPLEMENTATIONS = YES;
				CLANG_WARN_DIRECT_OBJC_ISA_USAGE = YES_ERROR;
				CLANG_WARN_DOCUMENTATION_COMMENTS = YES;
				CLANG_WARN_EMPTY_BODY = YES;
				CLANG_WARN_ENUM_CONVERSION = YES;
				CLANG_WARN_INFINITE_RECURSION = YES;
				CLANG_WARN_INT_CONVERSION = YES;
				CLANG_WARN_NON_LITERAL_NULL_CONVERSION = YES;
				CLANG_WARN_OBJC_IMPLICIT_RETAIN_SELF = YES;
				CLANG_WARN_OBJC_LITERAL_CONVERSION = YES;
				CLANG_WARN_OBJC_ROOT_CLASS = YES_ERROR;
				CLANG_WARN_QUOTED_INCLUDE_IN_FRAMEWORK_HEADER = YES;
				CLANG_WARN_RANGE_LOOP_ANALYSIS = YES;
				CLANG_WARN_STRICT_PROTOTYPES = YES;
				CLANG_WARN_SUSPICIOUS_MOVE = YES;
				CLANG_WARN_UNGUARDED_AVAILABILITY = YES_AGGRESSIVE;
				CLANG_WARN_UNREACHABLE_CODE = YES;
				CLANG_WARN__DUPLICATE_METHOD_MATCH = YES;
				COPY_PHASE_STRIP = NO;
				DEBUG_INFORMATION_FORMAT = dwarf;
				ENABLE_STRICT_OBJC_MSGSEND = YES;
				ENABLE_TESTABILITY = YES;
				GCC_C_LANGUAGE_STANDARD = gnu11;
				GCC_DYNAMIC_NO_PIC = NO;
				GCC_NO_COMMON_BLOCKS = YES;
				GCC_OPTIMIZATION_LEVEL = 0;
				GCC_PREPROCESSOR_DEFINITIONS = (
					"DEBUG=1",
					"$(inherited)",
				);
				GCC_WARN_64_TO_32_BIT_CONVERSION = YES;
				GCC_WARN_ABOUT_RETURN_TYPE = YES_ERROR;
				GCC_WARN_UNDECLARED_SELECTOR = YES;
				GCC_WARN_UNINITIALIZED_AUTOS = YES_AGGRESSIVE;
				GCC_WARN_UNUSED_FUNCTION = YES;
				GCC_WARN_UNUSED_VARIABLE = YES;
				IPHONEOS_DEPLOYMENT_TARGET = 16.2;
				MTL_ENABLE_DEBUG_INFO = INCLUDE_SOURCE;
				MTL_FAST_MATH = YES;
				ONLY_ACTIVE_ARCH = YES;
				SDKROOT = iphoneos;
				SWIFT_ACTIVE_COMPILATION_CONDITIONS = DEBUG;
				SWIFT_OPTIMIZATION_LEVEL = "-Onone";
			};
			name = Debug;
		};
		3814D4322A3B903D000E1E52 /* Release */ = {
			isa = XCBuildConfiguration;
			buildSettings = {
				ALWAYS_SEARCH_USER_PATHS = NO;
				CLANG_ANALYZER_NONNULL = YES;
				CLANG_ANALYZER_NUMBER_OBJECT_CONVERSION = YES_AGGRESSIVE;
				CLANG_CXX_LANGUAGE_STANDARD = "gnu++20";
				CLANG_ENABLE_MODULES = YES;
				CLANG_ENABLE_OBJC_ARC = YES;
				CLANG_ENABLE_OBJC_WEAK = YES;
				CLANG_WARN_BLOCK_CAPTURE_AUTORELEASING = YES;
				CLANG_WARN_BOOL_CONVERSION = YES;
				CLANG_WARN_COMMA = YES;
				CLANG_WARN_CONSTANT_CONVERSION = YES;
				CLANG_WARN_DEPRECATED_OBJC_IMPLEMENTATIONS = YES;
				CLANG_WARN_DIRECT_OBJC_ISA_USAGE = YES_ERROR;
				CLANG_WARN_DOCUMENTATION_COMMENTS = YES;
				CLANG_WARN_EMPTY_BODY = YES;
				CLANG_WARN_ENUM_CONVERSION = YES;
				CLANG_WARN_INFINITE_RECURSION = YES;
				CLANG_WARN_INT_CONVERSION = YES;
				CLANG_WARN_NON_LITERAL_NULL_CONVERSION = YES;
				CLANG_WARN_OBJC_IMPLICIT_RETAIN_SELF = YES;
				CLANG_WARN_OBJC_LITERAL_CONVERSION = YES;
				CLANG_WARN_OBJC_ROOT_CLASS = YES_ERROR;
				CLANG_WARN_QUOTED_INCLUDE_IN_FRAMEWORK_HEADER = YES;
				CLANG_WARN_RANGE_LOOP_ANALYSIS = YES;
				CLANG_WARN_STRICT_PROTOTYPES = YES;
				CLANG_WARN_SUSPICIOUS_MOVE = YES;
				CLANG_WARN_UNGUARDED_AVAILABILITY = YES_AGGRESSIVE;
				CLANG_WARN_UNREACHABLE_CODE = YES;
				CLANG_WARN__DUPLICATE_METHOD_MATCH = YES;
				COPY_PHASE_STRIP = NO;
				DEBUG_INFORMATION_FORMAT = "dwarf-with-dsym";
				ENABLE_NS_ASSERTIONS = NO;
				ENABLE_STRICT_OBJC_MSGSEND = YES;
				GCC_C_LANGUAGE_STANDARD = gnu11;
				GCC_NO_COMMON_BLOCKS = YES;
				GCC_WARN_64_TO_32_BIT_CONVERSION = YES;
				GCC_WARN_ABOUT_RETURN_TYPE = YES_ERROR;
				GCC_WARN_UNDECLARED_SELECTOR = YES;
				GCC_WARN_UNINITIALIZED_AUTOS = YES_AGGRESSIVE;
				GCC_WARN_UNUSED_FUNCTION = YES;
				GCC_WARN_UNUSED_VARIABLE = YES;
				IPHONEOS_DEPLOYMENT_TARGET = 16.2;
				MTL_ENABLE_DEBUG_INFO = NO;
				MTL_FAST_MATH = YES;
				SDKROOT = iphoneos;
				SWIFT_COMPILATION_MODE = wholemodule;
				SWIFT_OPTIMIZATION_LEVEL = "-O";
				VALIDATE_PRODUCT = YES;
			};
			name = Release;
		};
		3814D4342A3B903D000E1E52 /* Debug */ = {
			isa = XCBuildConfiguration;
			buildSettings = {
				ASSETCATALOG_COMPILER_APPICON_NAME = AppIcon;
				ASSETCATALOG_COMPILER_GLOBAL_ACCENT_COLOR_NAME = AccentColor;
				CODE_SIGN_STYLE = Automatic;
				CURRENT_PROJECT_VERSION = 1;
				DEVELOPMENT_TEAM = S274C7V2R8;
				GENERATE_INFOPLIST_FILE = YES;
				INFOPLIST_FILE = contactsApp/Info.plist;
				INFOPLIST_KEY_UIApplicationSupportsIndirectInputEvents = YES;
				INFOPLIST_KEY_UILaunchStoryboardName = LaunchScreen;
				INFOPLIST_KEY_UIMainStoryboardFile = Main;
				INFOPLIST_KEY_UISupportedInterfaceOrientations_iPad = "UIInterfaceOrientationPortrait UIInterfaceOrientationPortraitUpsideDown UIInterfaceOrientationLandscapeLeft UIInterfaceOrientationLandscapeRight";
				INFOPLIST_KEY_UISupportedInterfaceOrientations_iPhone = "UIInterfaceOrientationPortrait UIInterfaceOrientationLandscapeLeft UIInterfaceOrientationLandscapeRight";
				LD_RUNPATH_SEARCH_PATHS = (
					"$(inherited)",
					"@executable_path/Frameworks",
				);
				MARKETING_VERSION = 1.0;
				PRODUCT_BUNDLE_IDENTIFIER = com.ramimustafa.contactsApp;
				PRODUCT_NAME = "$(TARGET_NAME)";
				SWIFT_EMIT_LOC_STRINGS = YES;
				SWIFT_VERSION = 5.0;
				TARGETED_DEVICE_FAMILY = "1,2";
			};
			name = Debug;
		};
		3814D4352A3B903D000E1E52 /* Release */ = {
			isa = XCBuildConfiguration;
			buildSettings = {
				ASSETCATALOG_COMPILER_APPICON_NAME = AppIcon;
				ASSETCATALOG_COMPILER_GLOBAL_ACCENT_COLOR_NAME = AccentColor;
				CODE_SIGN_STYLE = Automatic;
				CURRENT_PROJECT_VERSION = 1;
				DEVELOPMENT_TEAM = S274C7V2R8;
				GENERATE_INFOPLIST_FILE = YES;
				INFOPLIST_FILE = contactsApp/Info.plist;
				INFOPLIST_KEY_UIApplicationSupportsIndirectInputEvents = YES;
				INFOPLIST_KEY_UILaunchStoryboardName = LaunchScreen;
				INFOPLIST_KEY_UIMainStoryboardFile = Main;
				INFOPLIST_KEY_UISupportedInterfaceOrientations_iPad = "UIInterfaceOrientationPortrait UIInterfaceOrientationPortraitUpsideDown UIInterfaceOrientationLandscapeLeft UIInterfaceOrientationLandscapeRight";
				INFOPLIST_KEY_UISupportedInterfaceOrientations_iPhone = "UIInterfaceOrientationPortrait UIInterfaceOrientationLandscapeLeft UIInterfaceOrientationLandscapeRight";
				LD_RUNPATH_SEARCH_PATHS = (
					"$(inherited)",
					"@executable_path/Frameworks",
				);
				MARKETING_VERSION = 1.0;
				PRODUCT_BUNDLE_IDENTIFIER = com.ramimustafa.contactsApp;
				PRODUCT_NAME = "$(TARGET_NAME)";
				SWIFT_EMIT_LOC_STRINGS = YES;
				SWIFT_VERSION = 5.0;
				TARGETED_DEVICE_FAMILY = "1,2";
			};
			name = Release;
		};
/* End XCBuildConfiguration section */

/* Begin XCConfigurationList section */
		3814D41A2A3B903C000E1E52 /* Build configuration list for PBXProject "contactsApp" */ = {
			isa = XCConfigurationList;
			buildConfigurations = (
				3814D4312A3B903D000E1E52 /* Debug */,
				3814D4322A3B903D000E1E52 /* Release */,
			);
			defaultConfigurationIsVisible = 0;
			defaultConfigurationName = Release;
		};
		3814D4332A3B903D000E1E52 /* Build configuration list for PBXNativeTarget "contactsApp" */ = {
			isa = XCConfigurationList;
			buildConfigurations = (
				3814D4342A3B903D000E1E52 /* Debug */,
				3814D4352A3B903D000E1E52 /* Release */,
			);
			defaultConfigurationIsVisible = 0;
			defaultConfigurationName = Release;
		};
/* End XCConfigurationList section */

/* Begin XCRemoteSwiftPackageReference section */
		38CC47022A3BAE3900DFA543 /* XCRemoteSwiftPackageReference "firebase-ios-sdk" */ = {
			isa = XCRemoteSwiftPackageReference;
			repositoryURL = "https://github.com/firebase/firebase-ios-sdk";
			requirement = {
				kind = upToNextMajorVersion;
				minimumVersion = 9.0.0;
			};
		};
/* End XCRemoteSwiftPackageReference section */

/* Begin XCSwiftPackageProductDependency section */
		38CC47032A3BAE3900DFA543 /* FirebaseDatabase */ = {
			isa = XCSwiftPackageProductDependency;
			package = 38CC47022A3BAE3900DFA543 /* XCRemoteSwiftPackageReference "firebase-ios-sdk" */;
			productName = FirebaseDatabase;
		};
/* End XCSwiftPackageProductDependency section */
	};
	rootObject = 3814D4172A3B903C000E1E52 /* Project object */;
}
